
Microsoft Visual Studio Solution File, Format Version 12.00
# Visual Studio 15
VisualStudioVersion = 15.0.27703.2042
MinimumVisualStudioVersion = 10.0.40219.1
Project("{FAE04EC0-301F-11D3-BF4B-00C04F79EFBC}") = "Hafıza_oyunu", "Hafıza_oyunu\Hafıza_oyunu.csproj", "{ECBA01D0-EAF5-4EC2-822E-F2B7AF670C47}"
EndProject
Global
	GlobalSection(SolutionConfigurationPlatforms) = preSolution
		Debug|Any CPU = Debug|Any CPU
		Release|Any CPU = Release|Any CPU
	EndGlobalSection
	GlobalSection(ProjectConfigurationPlatforms) = postSolution
		{ECBA01D0-EAF5-4EC2-822E-F2B7AF670C47}.Debug|Any CPU.ActiveCfg = Debug|Any CPU
		{ECBA01D0-EAF5-4EC2-822E-F2B7AF670C47}.Debug|Any CPU.Build.0 = Debug|Any CPU
		{ECBA01D0-EAF5-4EC2-822E-F2B7AF670C47}.Release|Any CPU.ActiveCfg = Release|Any CPU
		{ECBA01D0-EAF5-4EC2-822E-F2B7AF670C47}.Release|Any CPU.Build.0 = Release|Any CPU
	EndGlobalSection
	GlobalSection(SolutionProperties) = preSolution
		HideSolutionNode = FALSE
	EndGlobalSection
	GlobalSection(ExtensibilityGlobals) = postSolution
		SolutionGuid = {30731749-A252-4255-AC1E-765AFE3EE7EF}
	EndGlobalSection
EndGlobal
